
Microsoft Visual Studio Solution File, Format Version 12.00
# Visual Studio 2012
Project("{FAE04EC0-301F-11D3-BF4B-00C04F79EFBC}") = "dotnet-core-test-port", "dotnet-core-test-port\dotnet-core-test-port.csproj", "{CD0B82B5-3B80-4E19-B7EC-1DA12AE1FA67}"
EndProject
Global
	GlobalSection(SolutionConfigurationPlatforms) = preSolution
		Debug|Any CPU = Debug|Any CPU
		Release|Any CPU = Release|Any CPU
	EndGlobalSection
	GlobalSection(ProjectConfigurationPlatforms) = postSolution
		{CD0B82B5-3B80-4E19-B7EC-1DA12AE1FA67}.Debug|Any CPU.ActiveCfg = Debug|Any CPU
		{CD0B82B5-3B80-4E19-B7EC-1DA12AE1FA67}.Debug|Any CPU.Build.0 = Debug|Any CPU
		{CD0B82B5-3B80-4E19-B7EC-1DA12AE1FA67}.Release|Any CPU.ActiveCfg = Release|Any CPU
		{CD0B82B5-3B80-4E19-B7EC-1DA12AE1FA67}.Release|Any CPU.Build.0 = Release|Any CPU
	EndGlobalSection
EndGlobal
